
Microsoft Visual Studio Solution File, Format Version 12.00
# Visual Studio Version 16
VisualStudioVersion = 16.0.30804.86
MinimumVisualStudioVersion = 10.0.40219.1
Project("{FAE04EC0-301F-11D3-BF4B-00C04F79EFBC}") = "DOTNET-E-CommerceWebApp", "DOTNET-E-CommerceWebApp\DOTNET-E-CommerceWebApp.csproj", "{509D0786-537D-49A8-9982-8C27A75364BA}"
EndProject
Global
	GlobalSection(SolutionConfigurationPlatforms) = preSolution
		Debug|Any CPU = Debug|Any CPU
		Release|Any CPU = Release|Any CPU
	EndGlobalSection
	GlobalSection(ProjectConfigurationPlatforms) = postSolution
		{509D0786-537D-49A8-9982-8C27A75364BA}.Debug|Any CPU.ActiveCfg = Debug|Any CPU
		{509D0786-537D-49A8-9982-8C27A75364BA}.Debug|Any CPU.Build.0 = Debug|Any CPU
		{509D0786-537D-49A8-9982-8C27A75364BA}.Release|Any CPU.ActiveCfg = Release|Any CPU
		{509D0786-537D-49A8-9982-8C27A75364BA}.Release|Any CPU.Build.0 = Release|Any CPU
	EndGlobalSection
	GlobalSection(SolutionProperties) = preSolution
		HideSolutionNode = FALSE
	EndGlobalSection
	GlobalSection(ExtensibilityGlobals) = postSolution
		SolutionGuid = {B7FFAB5A-D129-4F1F-ABF0-F5904F7808F7}
	EndGlobalSection
EndGlobal
